<?xml version="1.0" encoding="utf-8"?>
<Project ToolsVersion="4.0" xmlns="http://schemas.microsoft.com/developer/msbuild/2003">
  <ItemGroup>
    <Filter Include="Source Files">
      <UniqueIdentifier>{4FC737F1-C7A5-4376-A066-2A32D752A2FF}</UniqueIdentifier>
      <Extensions>cpp;c;cc;cxx;c++;cppm;ixx;def;odl;idl;hpj;bat;asm;asmx</Extensions>
    </Filter>
    <Filter Include="Header Files">
      <UniqueIdentifier>{93995380-89BD-4b04-88EB-625FBE52EBFB}</UniqueIdentifier>
      <Extensions>h;hh;hpp;hxx;h++;hm;inl;inc;ipp;xsd</Extensions>
    </Filter>
    <Filter Include="Resource Files">
      <UniqueIdentifier>{67DA6AB6-F800-4c08-8B7A-83BB121AAD01}</UniqueIdentifier>
      <Extensions>rc;ico;cur;bmp;dlg;rc2;rct;bin;rgs;gif;jpg;jpeg;jpe;resx;tiff;tif;png;wav;mfcribbon-ms</Extensions>
    </Filter>
    <Filter Include="Source Files\Engine Files">
      <UniqueIdentifier>{bc3a934e-192c-4783-8523-526cfac77ba0}</UniqueIdentifier>
    </Filter>
    <Filter Include="Resource Files\Sound">
      <UniqueIdentifier>{7b11881b-cc86-475c-a360-f473a3b09d27}</UniqueIdentifier>
    </Filter>
    <Filter Include="Source Files\Engine Files\Sprites">
      <UniqueIdentifier>{de1f4b93-4c60-49d1-adf8-74b2b2d4d151}</UniqueIdentifier>
    </Filter>
    <Filter Include="Source Files\Game Files">
      <UniqueIdentifier>{2c66bd1a-0956-4eb2-b9e5-bd3dc7eff33b}</UniqueIdentifier>
    </Filter>
    <Filter Include="Source Files\Game Files\Stages">
      <UniqueIdentifier>{b05be1ba-1077-4948-af4d-8577c8e0a4c7}</UniqueIdentifier>
    </Filter>
    <Filter Include="Source Files\Game Files\Enemies">
      <UniqueIdentifier>{a0c2cfde-56fa-4a4a-9054-6f14c8695323}</UniqueIdentifier>
    </Filter>
    <Filter Include="Source Files\Game Files\Enemies\Bosses">
      <UniqueIdentifier>{92a5ed46-e9c5-47f8-8921-6160e60127f2}</UniqueIdentifier>
    </Filter>
    <Filter Include="Source Files\Game Files\Enemies\Bosses\Wood man">
      <UniqueIdentifier>{9f0d363c-d94c-4274-87b0-bdca42a9b1d9}</UniqueIdentifier>
    </Filter>
    <Filter Include="Source Files\Game Files\Player">
      <UniqueIdentifier>{eb7e1ae7-803e-4360-b1b1-f85c0d912733}</UniqueIdentifier>
    </Filter>
    <Filter Include="Source Files\Game Files\Player\Weapons">
      <UniqueIdentifier>{9120521c-ed1a-43e4-afb1-b0c09580f620}</UniqueIdentifier>
    </Filter>
    <Filter Include="Source Files\Game Files\Player\Weapons\Bullets">
      <UniqueIdentifier>{1a31d3b8-337c-4e6c-b3c1-1557dc9f565b}</UniqueIdentifier>
    </Filter>
    <Filter Include="Source Files\Game Files\Tiles">
      <UniqueIdentifier>{417b3dad-9f29-4254-8e30-002d43b3b896}</UniqueIdentifier>
    </Filter>
    <Filter Include="Source Files\Game Files\Tiles\Death Tiles">
      <UniqueIdentifier>{8cca6380-05b2-4f50-a2c3-7e5bfe70a13f}</UniqueIdentifier>
    </Filter>
    <Filter Include="Source Files\Game Files\Debug">
      <UniqueIdentifier>{03593cd6-7281-4a0f-879e-037715b79024}</UniqueIdentifier>
    </Filter>
    <Filter Include="Source Files\Game Files\Menus">
      <UniqueIdentifier>{15631779-6107-4d82-8f28-314f92f386b5}</UniqueIdentifier>
    </Filter>
    <Filter Include="Source Files\Game Files\Menus\Pause">
      <UniqueIdentifier>{f311a9a2-459b-4c54-93dd-a54acdacdb69}</UniqueIdentifier>
    </Filter>
    <Filter Include="Source Files\Game Files\Objects">
      <UniqueIdentifier>{e9b1eb26-e21b-4d45-8b68-738f3137f213}</UniqueIdentifier>
    </Filter>
    <Filter Include="Source Files\Game Files\Objects\Items">
      <UniqueIdentifier>{3c619750-6305-440a-adda-71752a39d833}</UniqueIdentifier>
    </Filter>
    <Filter Include="Source Files\Game Files\Enemies\Wood Man">
      <UniqueIdentifier>{b40b2f64-c7d0-4df8-a59d-d2e91855d71a}</UniqueIdentifier>
    </Filter>
    <Filter Include="Source Files\Game Files\Enemies\Bosses\Heat Man">
      <UniqueIdentifier>{370a740e-44bd-4f80-a7c1-066e85c9ddab}</UniqueIdentifier>
    </Filter>
    <Filter Include="Source Files\Game Files\Tiles\Anim Tiles">
      <UniqueIdentifier>{9da98369-203f-4baf-8fa0-3cfaf31b0206}</UniqueIdentifier>
    </Filter>
    <Filter Include="Source Files\Game Files\Enemies\General">
      <UniqueIdentifier>{7cb9abbf-614b-4aca-882c-7765c3f2cd3b}</UniqueIdentifier>
    </Filter>
    <Filter Include="Source Files\Game Files\Enemies\Bubble man">
      <UniqueIdentifier>{87832835-ae25-4afd-a084-0d36f9de40db}</UniqueIdentifier>
    </Filter>
    <Filter Include="Source Files\Game Files\Objects\Spawners">
      <UniqueIdentifier>{c37dab94-d7f7-4eef-8c5a-cd265e7143d5}</UniqueIdentifier>
    </Filter>
    <Filter Include="Source Files\Game Files\Enemies\Bosses\Bubble Man">
      <UniqueIdentifier>{e5f0881b-e27f-478a-ac52-6eff77a3e9d4}</UniqueIdentifier>
    </Filter>
    <Filter Include="Source Files\Game Files\Player\Weapons\Items">
      <UniqueIdentifier>{bb59e330-65ce-4f6b-b7d0-3071c88887a8}</UniqueIdentifier>
    </Filter>
    <Filter Include="Source Files\Game Files\Player\Weapons\Items\Bullets">
      <UniqueIdentifier>{62ebbfce-ba06-4f25-8961-8cdcbfa27c24}</UniqueIdentifier>
    </Filter>
    <Filter Include="Source Files\Game Files\Tiles\With Objects">
      <UniqueIdentifier>{bafa0508-9af5-433a-a63f-017e17799923}</UniqueIdentifier>
    </Filter>
    <Filter Include="Source Files\Game Files\Enemies\Metal Man">
      <UniqueIdentifier>{b4dc7f98-4311-47f3-a6ed-98e0eeded9af}</UniqueIdentifier>
    </Filter>
    <Filter Include="Source Files\Game Files\Enemies\Bosses\Metal Man">
      <UniqueIdentifier>{9308fc99-d125-4425-ab0a-39187223f893}</UniqueIdentifier>
    </Filter>
    <Filter Include="Source Files\Game Files\Enemies\Quick Man">
      <UniqueIdentifier>{2036b7db-f248-41e8-a56f-b270a4c9cddb}</UniqueIdentifier>
    </Filter>
    <Filter Include="Source Files\Game Files\Enemies\Bosses\Quick Man">
      <UniqueIdentifier>{adad2706-7b58-43c9-8356-39d06543fa8e}</UniqueIdentifier>
    </Filter>
    <Filter Include="Source Files\Game Files\Debug\Debug Options">
      <UniqueIdentifier>{ac62d066-3cba-4a88-8dd7-0ca53983cdc3}</UniqueIdentifier>
    </Filter>
    <Filter Include="Source Files\Game Files\Tiles\Flash Tiles">
      <UniqueIdentifier>{9d6b9521-0acc-4429-a221-76eaf343faea}</UniqueIdentifier>
    </Filter>
    <Filter Include="Source Files\Game Files\Enemies\Bosses\Flash Man">
      <UniqueIdentifier>{86e0eb56-5271-4cdb-afd4-33d80625f90c}</UniqueIdentifier>
    </Filter>
    <Filter Include="Source Files\Game Files\Tiles\Crash Tiles">
      <UniqueIdentifier>{291a404a-e51e-4507-bdba-6d13ccacddef}</UniqueIdentifier>
    </Filter>
    <Filter Include="Source Files\Game Files\Objects\Rail Platform">
      <UniqueIdentifier>{8b7a0f0d-979f-4aae-b44a-3f522944fa20}</UniqueIdentifier>
    </Filter>
    <Filter Include="Source Files\Game Files\Enemies\Bosses\Crash Man">
      <UniqueIdentifier>{5a6b0828-d2e1-4178-9dec-7acdfdab0ae5}</UniqueIdentifier>
    </Filter>
    <Filter Include="Source Files\Game Files\Enemies\Air Man">
      <UniqueIdentifier>{b251ab42-1acc-4c27-af2d-648132037fa9}</UniqueIdentifier>
    </Filter>
  </ItemGroup>
  <ItemGroup>
    <Image Include="Assets\grids.png">
      <Filter>Resource Files</Filter>
    </Image>
    <Image Include="Assets\NES - Mega Man 2 - Mega Man.png">
      <Filter>Resource Files</Filter>
    </Image>
    <Image Include="Assets\Test Tile.png">
      <Filter>Resource Files</Filter>
    </Image>
    <Image Include="Assets\test.png">
      <Filter>Resource Files</Filter>
    </Image>
    <Image Include="Assets\tiles.png">
      <Filter>Resource Files</Filter>
    </Image>
    <Image Include="Assets\weapons.png">
      <Filter>Resource Files</Filter>
    </Image>
    <Image Include="Assets\wood.png">
      <Filter>Resource Files</Filter>
    </Image>
    <Image Include="Assets\Woodman.png">
      <Filter>Resource Files</Filter>
    </Image>
    <Image Include="Assets\enemy.png">
      <Filter>Resource Files</Filter>
    </Image>
    <Image Include="Assets\misc.png">
      <Filter>Resource Files</Filter>
    </Image>
    <Image Include="Assets\Health.png">
      <Filter>Resource Files</Filter>
    </Image>
    <Image Include="Assets\Delete.png">
      <Filter>Resource Files</Filter>
    </Image>
    <Image Include="Assets\Z.png">
      <Filter>Resource Files</Filter>
    </Image>
  </ItemGroup>
  <ItemGroup>
    <Media Include="Assets\Sound\wily_defeat.wav">
      <Filter>Resource Files\Sound</Filter>
    </Media>
    <Media Include="Assets\Sound\yoku.wav">
      <Filter>Resource Files\Sound</Filter>
    </Media>
    <Media Include="Assets\Sound\acid.wav">
      <Filter>Resource Files\Sound</Filter>
    </Media>
    <Media Include="Assets\Sound\air_shooter.wav">
      <Filter>Resource Files\Sound</Filter>
    </Media>
    <Media Include="Assets\Sound\atomic_fire.wav">
      <Filter>Resource Files\Sound</Filter>
    </Media>
    <Media Include="Assets\Sound\atomic_fire_charge.wav">
      <Filter>Resource Files\Sound</Filter>
    </Media>
    <Media Include="Assets\Sound\atomic_fire_charge_mid.wav">
      <Filter>Resource Files\Sound</Filter>
    </Media>
    <Media Include="Assets\Sound\atomic_fire_full.wav">
      <Filter>Resource Files\Sound</Filter>
    </Media>
    <Media Include="Assets\Sound\boss_door.wav">
      <Filter>Resource Files\Sound</Filter>
    </Media>
    <Media Include="Assets\Sound\buster.wav">
      <Filter>Resource Files\Sound</Filter>
    </Media>
    <Media Include="Assets\Sound\crash_bomber.wav">
      <Filter>Resource Files\Sound</Filter>
    </Media>
    <Media Include="Assets\Sound\cursor_move.wav">
      <Filter>Resource Files\Sound</Filter>
    </Media>
    <Media Include="Assets\Sound\death.wav">
      <Filter>Resource Files\Sound</Filter>
    </Media>
    <Media Include="Assets\Sound\dink.wav">
      <Filter>Resource Files\Sound</Filter>
    </Media>
    <Media Include="Assets\Sound\enemy_hit.wav">
      <Filter>Resource Files\Sound</Filter>
    </Media>
    <Media Include="Assets\Sound\enemy_shoot.wav">
      <Filter>Resource Files\Sound</Filter>
    </Media>
    <Media Include="Assets\Sound\fly_boy.wav">
      <Filter>Resource Files\Sound</Filter>
    </Media>
    <Media Include="Assets\Sound\force_beam.wav">
      <Filter>Resource Files\Sound</Filter>
    </Media>
    <Media Include="Assets\Sound\hit.wav">
      <Filter>Resource Files\Sound</Filter>
    </Media>
    <Media Include="Assets\Sound\land.wav">
      <Filter>Resource Files\Sound</Filter>
    </Media>
    <Media Include="Assets\Sound\leaf_shield.wav">
      <Filter>Resource Files\Sound</Filter>
    </Media>
    <Media Include="Assets\Sound\mecha_dragon.wav">
      <Filter>Resource Files\Sound</Filter>
    </Media>
    <Media Include="Assets\Sound\metal_blade.wav">
      <Filter>Resource Files\Sound</Filter>
    </Media>
    <Media Include="Assets\Sound\pause.wav">
      <Filter>Resource Files\Sound</Filter>
    </Media>
    <Media Include="Assets\Sound\refill.wav">
      <Filter>Resource Files\Sound</Filter>
    </Media>
    <Media Include="Assets\Sound\teleport_in.wav">
      <Filter>Resource Files\Sound</Filter>
    </Media>
    <Media Include="Assets\Sound\teleport_out.wav">
      <Filter>Resource Files\Sound</Filter>
    </Media>
    <Media Include="Assets\Sound\time_stopper.wav">
      <Filter>Resource Files\Sound</Filter>
    </Media>
    <Media Include="Assets\Sound\ufo.wav">
      <Filter>Resource Files\Sound</Filter>
    </Media>
    <Media Include="Assets\Sound\unused.wav">
      <Filter>Resource Files\Sound</Filter>
    </Media>
    <Media Include="Assets\Sound\unused_2.wav">
      <Filter>Resource Files\Sound</Filter>
    </Media>
    <Media Include="Assets\Sound\water_splash.wav">
      <Filter>Resource Files\Sound</Filter>
    </Media>
  </ItemGroup>
  <ItemGroup>
    <ClCompile Include="Animation Timer.cpp">
      <Filter>Source Files\Engine Files</Filter>
    </ClCompile>
    <ClCompile Include="Animate.cpp">
      <Filter>Source Files\Engine Files</Filter>
    </ClCompile>
    <ClCompile Include="Camera.cpp">
      <Filter>Source Files\Engine Files</Filter>
    </ClCompile>
    <ClCompile Include="Controller.cpp">
      <Filter>Source Files\Engine Files</Filter>
    </ClCompile>
    <ClCompile Include="Object Hitbox.cpp">
      <Filter>Source Files\Engine Files</Filter>
    </ClCompile>
    <ClCompile Include="XControl.cpp">
      <Filter>Source Files\Engine Files</Filter>
    </ClCompile>
    <ClCompile Include="Render Logic.cpp">
      <Filter>Source Files\Engine Files</Filter>
    </ClCompile>
    <ClCompile Include="Text.cpp">
      <Filter>Source Files\Engine Files</Filter>
    </ClCompile>
    <ClCompile Include="Time.cpp">
      <Filter>Source Files\Engine Files</Filter>
    </ClCompile>
    <ClCompile Include="UI Hitbox.cpp">
      <Filter>Source Files\Engine Files</Filter>
    </ClCompile>
    <ClCompile Include="Scene.cpp">
      <Filter>Source Files\Game Files</Filter>
    </ClCompile>
    <ClCompile Include="Main.cpp">
      <Filter>Source Files\Game Files</Filter>
    </ClCompile>
    <ClCompile Include="grid.cpp">
      <Filter>Source Files\Game Files</Filter>
    </ClCompile>
    <ClCompile Include="Abstract Stage.cpp">
      <Filter>Source Files\Game Files\Stages</Filter>
    </ClCompile>
    <ClCompile Include="Enemy.cpp">
      <Filter>Source Files\Game Files\Enemies</Filter>
    </ClCompile>
    <ClCompile Include="Hitbox detector.cpp">
      <Filter>Source Files\Engine Files</Filter>
    </ClCompile>
    <ClCompile Include="Damage Effect.cpp">
      <Filter>Source Files\Game Files</Filter>
    </ClCompile>
    <ClCompile Include="Screen Transition.cpp">
      <Filter>Source Files\Game Files</Filter>
    </ClCompile>
    <ClCompile Include="Player Animations.cpp">
      <Filter>Source Files\Game Files\Player</Filter>
    </ClCompile>
    <ClCompile Include="Player Controls.cpp">
      <Filter>Source Files\Game Files\Player</Filter>
    </ClCompile>
    <ClCompile Include="Player.cpp">
      <Filter>Source Files\Game Files\Player</Filter>
    </ClCompile>
    <ClCompile Include="Tile.cpp">
      <Filter>Source Files\Game Files\Tiles</Filter>
    </ClCompile>
    <ClCompile Include="Top Ladder Tile.cpp">
      <Filter>Source Files\Game Files\Tiles</Filter>
    </ClCompile>
    <ClCompile Include="Top Tile.cpp">
      <Filter>Source Files\Game Files\Tiles</Filter>
    </ClCompile>
    <ClCompile Include="Solid Tile.cpp">
      <Filter>Source Files\Game Files\Tiles</Filter>
    </ClCompile>
    <ClCompile Include="Left Tile.cpp">
      <Filter>Source Files\Game Files\Tiles</Filter>
    </ClCompile>
    <ClCompile Include="Right Tile.cpp">
      <Filter>Source Files\Game Files\Tiles</Filter>
    </ClCompile>
    <ClCompile Include="Ceiling Tile.cpp">
      <Filter>Source Files\Game Files\Tiles</Filter>
    </ClCompile>
    <ClCompile Include="Level Editor.cpp">
      <Filter>Source Files\Game Files\Debug</Filter>
    </ClCompile>
    <ClCompile Include="Menu Selection.cpp">
      <Filter>Source Files\Game Files\Debug</Filter>
    </ClCompile>
    <ClCompile Include="Object Select.cpp">
      <Filter>Source Files\Game Files\Debug</Filter>
    </ClCompile>
    <ClCompile Include="Ladder Tile.cpp">
      <Filter>Source Files\Game Files\Tiles</Filter>
    </ClCompile>
    <ClCompile Include="Menu Tab.cpp">
      <Filter>Source Files\Game Files\Debug</Filter>
    </ClCompile>
    <ClCompile Include="Mouse.cpp">
      <Filter>Source Files\Engine Files</Filter>
    </ClCompile>
    <ClCompile Include="Text Box.cpp">
      <Filter>Source Files\Engine Files</Filter>
    </ClCompile>
    <ClCompile Include="Load.cpp">
      <Filter>Source Files\Game Files</Filter>
    </ClCompile>
    <ClCompile Include="Main Menu.cpp">
      <Filter>Source Files\Game Files\Menus</Filter>
    </ClCompile>
    <ClCompile Include="Level Select.cpp">
      <Filter>Source Files\Game Files\Menus</Filter>
    </ClCompile>
    <ClCompile Include="UI Sprite.cpp">
      <Filter>Source Files\Engine Files\Sprites</Filter>
    </ClCompile>
    <ClCompile Include="Object Sprite.cpp">
      <Filter>Source Files\Engine Files\Sprites</Filter>
    </ClCompile>
    <ClCompile Include="Physics Object.cpp">
      <Filter>Source Files\Engine Files\Sprites</Filter>
    </ClCompile>
    <ClCompile Include="Stage Intro.cpp">
      <Filter>Source Files\Game Files\Menus</Filter>
    </ClCompile>
    <ClCompile Include="Movable UI.cpp">
      <Filter>Source Files\Engine Files\Sprites</Filter>
    </ClCompile>
    <ClCompile Include="Movable Object.cpp">
      <Filter>Source Files\Engine Files\Sprites</Filter>
    </ClCompile>
    <ClCompile Include="Light Source.cpp">
      <Filter>Source Files\Engine Files</Filter>
    </ClCompile>
    <ClCompile Include="Object Tab.cpp">
      <Filter>Source Files\Game Files\Debug</Filter>
    </ClCompile>
    <ClCompile Include="Object Placement.cpp">
      <Filter>Source Files\Game Files\Debug</Filter>
    </ClCompile>
    <ClCompile Include="Torch.cpp">
      <Filter>Source Files\Game Files\Objects</Filter>
    </ClCompile>
    <ClCompile Include="Maths.cpp">
      <Filter>Source Files\Engine Files</Filter>
    </ClCompile>
    <ClCompile Include="End Flag.cpp">
      <Filter>Source Files\Game Files\Objects</Filter>
    </ClCompile>
    <ClCompile Include="Animation Test.cpp">
      <Filter>Source Files\Engine Files</Filter>
    </ClCompile>
    <ClCompile Include="transition angle.cpp">
      <Filter>Source Files\Game Files</Filter>
    </ClCompile>
    <ClCompile Include="Screen Lighting.cpp">
      <Filter>Source Files\Game Files</Filter>
    </ClCompile>
    <ClCompile Include="Weapon.cpp">
      <Filter>Source Files\Game Files\Player\Weapons</Filter>
    </ClCompile>
    <ClCompile Include="Mega Buster.cpp">
      <Filter>Source Files\Game Files\Player\Weapons</Filter>
    </ClCompile>
    <ClCompile Include="Mega Buster Bullet.cpp">
      <Filter>Source Files\Game Files\Player\Weapons\Bullets</Filter>
    </ClCompile>
    <ClCompile Include="Bullet.cpp">
      <Filter>Source Files\Game Files\Player\Weapons\Bullets</Filter>
    </ClCompile>
    <ClCompile Include="Atomic Fire.cpp">
      <Filter>Source Files\Game Files\Player\Weapons</Filter>
    </ClCompile>
    <ClCompile Include="Atomic Fire Bullet.cpp">
      <Filter>Source Files\Game Files\Player\Weapons\Bullets</Filter>
    </ClCompile>
    <ClCompile Include="Energy Bar.cpp">
      <Filter>Source Files\Game Files\Player</Filter>
    </ClCompile>
    <ClCompile Include="Pause.cpp">
      <Filter>Source Files\Game Files\Menus\Pause</Filter>
    </ClCompile>
    <ClCompile Include="Weapon Option.cpp">
      <Filter>Source Files\Game Files\Menus\Pause</Filter>
    </ClCompile>
    <ClCompile Include="Ammo Bar.cpp">
      <Filter>Source Files\Game Files\Menus\Pause</Filter>
    </ClCompile>
    <ClCompile Include="Pause Option.cpp">
      <Filter>Source Files\Game Files\Menus\Pause</Filter>
    </ClCompile>
    <ClCompile Include="Page Option.cpp">
      <Filter>Source Files\Game Files\Menus\Pause</Filter>
    </ClCompile>
    <ClCompile Include="Item.cpp">
      <Filter>Source Files\Game Files\Objects\Items</Filter>
    </ClCompile>
    <ClCompile Include="Big Health.cpp">
      <Filter>Source Files\Game Files\Objects\Items</Filter>
    </ClCompile>
    <ClCompile Include="Small Health.cpp">
      <Filter>Source Files\Game Files\Objects\Items</Filter>
    </ClCompile>
    <ClCompile Include="Big Ammo.cpp">
      <Filter>Source Files\Game Files\Objects\Items</Filter>
    </ClCompile>
    <ClCompile Include="Small Ammo.cpp">
      <Filter>Source Files\Game Files\Objects\Items</Filter>
    </ClCompile>
    <ClCompile Include="E Tank Option.cpp">
      <Filter>Source Files\Game Files\Menus\Pause</Filter>
    </ClCompile>
    <ClCompile Include="E Tank.cpp">
      <Filter>Source Files\Game Files\Objects\Items</Filter>
    </ClCompile>
    <ClCompile Include="Death Animation.cpp">
      <Filter>Source Files\Game Files\Player</Filter>
    </ClCompile>
    <ClCompile Include="Freeze.cpp">
      <Filter>Source Files\Game Files</Filter>
    </ClCompile>
    <ClCompile Include="Object.cpp">
      <Filter>Source Files\Game Files</Filter>
    </ClCompile>
    <ClCompile Include="Extra Life.cpp">
      <Filter>Source Files\Game Files\Objects\Items</Filter>
    </ClCompile>
    <ClCompile Include="Door.cpp">
      <Filter>Source Files\Game Files\Objects</Filter>
    </ClCompile>
    <ClCompile Include="Enemy Bullet.cpp">
      <Filter>Source Files\Game Files\Enemies</Filter>
    </ClCompile>
    <ClCompile Include="Physics Enemy.cpp">
      <Filter>Source Files\Game Files\Enemies</Filter>
    </ClCompile>
    <ClCompile Include="Temp Enemy.cpp">
      <Filter>Source Files\Game Files\Enemies</Filter>
    </ClCompile>
    <ClCompile Include="Temp Physics Enemy.cpp">
      <Filter>Source Files\Game Files\Enemies</Filter>
    </ClCompile>
    <ClCompile Include="Wood Man.cpp">
      <Filter>Source Files\Game Files\Enemies\Bosses\Wood man</Filter>
    </ClCompile>
    <ClCompile Include="Leaf Float.cpp">
      <Filter>Source Files\Game Files\Enemies\Bosses\Wood man</Filter>
    </ClCompile>
    <ClCompile Include="Leaf Shield Boss.cpp">
      <Filter>Source Files\Game Files\Enemies\Bosses\Wood man</Filter>
    </ClCompile>
    <ClCompile Include="Leaf Shield Bullet.cpp">
      <Filter>Source Files\Game Files\Enemies\Bosses\Wood man</Filter>
    </ClCompile>
    <ClCompile Include="Leaf up shot.cpp">
      <Filter>Source Files\Game Files\Enemies\Bosses\Wood man</Filter>
    </ClCompile>
    <ClCompile Include="Master.cpp">
      <Filter>Source Files\Game Files\Enemies\Bosses</Filter>
    </ClCompile>
    <ClCompile Include="flash.cpp">
      <Filter>Source Files\Game Files\Player</Filter>
    </ClCompile>
    <ClCompile Include="Teleport.cpp">
      <Filter>Source Files\Game Files\Player</Filter>
    </ClCompile>
    <ClCompile Include="Teleport Out.cpp">
      <Filter>Source Files\Game Files\Player</Filter>
    </ClCompile>
    <ClCompile Include="Get Equipped.cpp">
      <Filter>Source Files\Game Files\Menus</Filter>
    </ClCompile>
    <ClCompile Include="Leaf Shield.cpp">
      <Filter>Source Files\Game Files\Player\Weapons</Filter>
    </ClCompile>
    <ClCompile Include="Equip Menu.cpp">
      <Filter>Source Files\Game Files\Menus</Filter>
    </ClCompile>
    <ClCompile Include="Game Over.cpp">
      <Filter>Source Files\Game Files\Menus</Filter>
    </ClCompile>
    <ClCompile Include="Game Over Menu.cpp">
      <Filter>Source Files\Game Files\Menus</Filter>
    </ClCompile>
    <ClCompile Include="Background.cpp">
      <Filter>Source Files\Game Files\Objects</Filter>
    </ClCompile>
    <ClCompile Include="Death Tile.cpp">
      <Filter>Source Files\Game Files\Tiles\Death Tiles</Filter>
    </ClCompile>
    <ClCompile Include="Horizontal Lava.cpp">
      <Filter>Source Files\Game Files\Tiles\Death Tiles</Filter>
    </ClCompile>
    <ClCompile Include="Lava Tile.cpp">
      <Filter>Source Files\Game Files\Tiles\Death Tiles</Filter>
    </ClCompile>
    <ClCompile Include="Vertical Lava.cpp">
      <Filter>Source Files\Game Files\Tiles\Death Tiles</Filter>
    </ClCompile>
    <ClCompile Include="Pour Lava.cpp">
      <Filter>Source Files\Game Files\Tiles\Death Tiles</Filter>
    </ClCompile>
    <ClCompile Include="Disappearing Tile.cpp">
      <Filter>Source Files\Game Files\Objects</Filter>
    </ClCompile>
    <ClCompile Include="GObject.cpp">
      <Filter>Source Files\Game Files</Filter>
    </ClCompile>
    <ClCompile Include="dis tile.cpp">
      <Filter>Source Files\Game Files\Tiles</Filter>
    </ClCompile>
    <ClCompile Include="Bat.cpp">
      <Filter>Source Files\Game Files\Enemies\Wood Man</Filter>
    </ClCompile>
    <ClCompile Include="Bird.cpp">
      <Filter>Source Files\Game Files\Enemies\Wood Man</Filter>
    </ClCompile>
    <ClCompile Include="Carrot.cpp">
      <Filter>Source Files\Game Files\Enemies\Wood Man</Filter>
    </ClCompile>
    <ClCompile Include="Chicken.cpp">
      <Filter>Source Files\Game Files\Enemies\Wood Man</Filter>
    </ClCompile>
    <ClCompile Include="egg.cpp">
      <Filter>Source Files\Game Files\Enemies\Wood Man</Filter>
    </ClCompile>
    <ClCompile Include="Gorilla.cpp">
      <Filter>Source Files\Game Files\Enemies\Wood Man</Filter>
    </ClCompile>
    <ClCompile Include="Rabbit.cpp">
      <Filter>Source Files\Game Files\Enemies\Wood Man</Filter>
    </ClCompile>
    <ClCompile Include="small bird.cpp">
      <Filter>Source Files\Game Files\Enemies\Wood Man</Filter>
    </ClCompile>
    <ClCompile Include="Wolf.cpp">
      <Filter>Source Files\Game Files\Enemies\Wood Man</Filter>
    </ClCompile>
    <ClCompile Include="wolf_fireball.cpp">
      <Filter>Source Files\Game Files\Enemies\Wood Man</Filter>
    </ClCompile>
    <ClCompile Include="Heat Man.cpp">
      <Filter>Source Files\Game Files\Enemies\Bosses\Heat Man</Filter>
    </ClCompile>
    <ClCompile Include="Fire Ball.cpp">
      <Filter>Source Files\Game Files\Enemies\Bosses\Heat Man</Filter>
    </ClCompile>
    <ClCompile Include="Bubble Lead.cpp">
      <Filter>Source Files\Game Files\Player\Weapons</Filter>
    </ClCompile>
    <ClCompile Include="Bubble Bullet.cpp">
      <Filter>Source Files\Game Files\Player\Weapons\Bullets</Filter>
    </ClCompile>
    <ClCompile Include="Sound Collection.cpp">
      <Filter>Source Files\Game Files</Filter>
    </ClCompile>
    <ClCompile Include="Anim Tile.cpp">
      <Filter>Source Files\Game Files\Tiles\Anim Tiles</Filter>
    </ClCompile>
    <ClCompile Include="Water Tile.cpp">
      <Filter>Source Files\Game Files\Tiles</Filter>
    </ClCompile>
    <ClCompile Include="Water Anim.cpp">
      <Filter>Source Files\Game Files\Tiles\Anim Tiles</Filter>
    </ClCompile>
    <ClCompile Include="Falling platform.cpp">
      <Filter>Source Files\Game Files\Objects</Filter>
    </ClCompile>
    <ClCompile Include="Ob Tile.cpp">
      <Filter>Source Files\Game Files\Tiles</Filter>
    </ClCompile>
    <ClCompile Include="Break Wall.cpp">
      <Filter>Source Files\Game Files\Enemies\General</Filter>
    </ClCompile>
    <ClCompile Include="FlyGuy.cpp">
      <Filter>Source Files\Game Files\Enemies\General</Filter>
    </ClCompile>
    <ClCompile Include="Sniper Armour.cpp">
      <Filter>Source Files\Game Files\Enemies\General</Filter>
    </ClCompile>
    <ClCompile Include="Sniper Bullet.cpp">
      <Filter>Source Files\Game Files\Enemies\General</Filter>
    </ClCompile>
    <ClCompile Include="Sniper Joe.cpp">
      <Filter>Source Files\Game Files\Enemies\General</Filter>
    </ClCompile>
    <ClCompile Include="Springer.cpp">
      <Filter>Source Files\Game Files\Enemies\General</Filter>
    </ClCompile>
    <ClCompile Include="Telly.cpp">
      <Filter>Source Files\Game Files\Enemies\General</Filter>
    </ClCompile>
    <ClCompile Include="Grounded Enemy.cpp">
      <Filter>Source Files\Game Files\Enemies</Filter>
    </ClCompile>
    <ClCompile Include="Shell.cpp">
      <Filter>Source Files\Game Files\Enemies\Bubble man</Filter>
    </ClCompile>
    <ClCompile Include="Crabbot.cpp">
      <Filter>Source Files\Game Files\Enemies\Bubble man</Filter>
    </ClCompile>
    <ClCompile Include="Croaker.cpp">
      <Filter>Source Files\Game Files\Enemies\Bubble man</Filter>
    </ClCompile>
    <ClCompile Include="Petit Croaker.cpp">
      <Filter>Source Files\Game Files\Enemies\Bubble man</Filter>
    </ClCompile>
    <ClCompile Include="Bird Spawner.cpp">
      <Filter>Source Files\Game Files\Objects\Spawners</Filter>
    </ClCompile>
    <ClCompile Include="Chicken Spawner.cpp">
      <Filter>Source Files\Game Files\Objects\Spawners</Filter>
    </ClCompile>
    <ClCompile Include="Fly guy spawn.cpp">
      <Filter>Source Files\Game Files\Objects\Spawners</Filter>
    </ClCompile>
    <ClCompile Include="Spawn on Top.cpp">
      <Filter>Source Files\Game Files\Objects\Spawners</Filter>
    </ClCompile>
    <ClCompile Include="Spawn Area.cpp">
      <Filter>Source Files\Game Files\Objects\Spawners</Filter>
    </ClCompile>
    <ClCompile Include="spawn point.cpp">
      <Filter>Source Files\Game Files\Objects\Spawners</Filter>
    </ClCompile>
    <ClCompile Include="Spawner.cpp">
      <Filter>Source Files\Game Files\Objects\Spawners</Filter>
    </ClCompile>
    <ClCompile Include="Telly Spawner.cpp">
      <Filter>Source Files\Game Files\Objects\Spawners</Filter>
    </ClCompile>
    <ClCompile Include="Jelly Fish.cpp">
      <Filter>Source Files\Game Files\Enemies\Bubble man</Filter>
    </ClCompile>
    <ClCompile Include="jelly spawner.cpp">
      <Filter>Source Files\Game Files\Objects\Spawners</Filter>
    </ClCompile>
    <ClCompile Include="Snapper.cpp">
      <Filter>Source Files\Game Files\Enemies\Bubble man</Filter>
    </ClCompile>
    <ClCompile Include="Snapper Spawn.cpp">
      <Filter>Source Files\Game Files\Objects\Spawners</Filter>
    </ClCompile>
    <ClCompile Include="Anko.cpp">
      <Filter>Source Files\Game Files\Enemies\Bubble man</Filter>
    </ClCompile>
    <ClCompile Include="Shrink.cpp">
      <Filter>Source Files\Game Files\Enemies\Bubble man</Filter>
    </ClCompile>
    <ClCompile Include="Splash Effect.cpp">
      <Filter>Source Files\Game Files\Player</Filter>
    </ClCompile>
    <ClCompile Include="Bubble Man.cpp">
      <Filter>Source Files\Game Files\Enemies\Bosses\Bubble Man</Filter>
    </ClCompile>
    <ClCompile Include="Item weapon.cpp">
      <Filter>Source Files\Game Files\Player\Weapons\Items</Filter>
    </ClCompile>
    <ClCompile Include="Item1 Bullet.cpp">
      <Filter>Source Files\Game Files\Player\Weapons\Items\Bullets</Filter>
    </ClCompile>
    <ClCompile Include="Item1.cpp">
      <Filter>Source Files\Game Files\Player\Weapons\Items</Filter>
    </ClCompile>
    <ClCompile Include="Item Bullets.cpp">
      <Filter>Source Files\Game Files\Player\Weapons\Items\Bullets</Filter>
    </ClCompile>
    <ClCompile Include="DL Message.cpp">
      <Filter>Source Files\Game Files\Menus</Filter>
    </ClCompile>
    <ClCompile Include="Boss Bubble.cpp">
      <Filter>Source Files\Game Files\Enemies\Bosses\Bubble Man</Filter>
    </ClCompile>
    <ClCompile Include="Water Bullet.cpp">
      <Filter>Source Files\Game Files\Enemies\Bosses\Bubble Man</Filter>
    </ClCompile>
    <ClCompile Include="Metal Blade.cpp">
      <Filter>Source Files\Game Files\Player\Weapons</Filter>
    </ClCompile>
    <ClCompile Include="Metal Blade Bullet.cpp">
      <Filter>Source Files\Game Files\Player\Weapons\Bullets</Filter>
    </ClCompile>
    <ClCompile Include="Tile with object.cpp">
      <Filter>Source Files\Game Files\Tiles\With Objects</Filter>
    </ClCompile>
    <ClCompile Include="Conveyor.cpp">
      <Filter>Source Files\Game Files\Tiles\With Objects</Filter>
    </ClCompile>
    <ClCompile Include="Move Tile.cpp">
      <Filter>Source Files\Game Files\Tiles\With Objects</Filter>
    </ClCompile>
    <ClCompile Include="Drill.cpp">
      <Filter>Source Files\Game Files\Enemies\Metal Man</Filter>
    </ClCompile>
    <ClCompile Include="Press.cpp">
      <Filter>Source Files\Game Files\Enemies\Metal Man</Filter>
    </ClCompile>
    <ClCompile Include="Drill Spawner.cpp">
      <Filter>Source Files\Game Files\Objects\Spawners</Filter>
    </ClCompile>
    <ClCompile Include="Spawn top and below.cpp">
      <Filter>Source Files\Game Files\Objects\Spawners</Filter>
    </ClCompile>
    <ClCompile Include="Blocky.cpp">
      <Filter>Source Files\Game Files\Enemies\Metal Man</Filter>
    </ClCompile>
    <ClCompile Include="Blocky Block.cpp">
      <Filter>Source Files\Game Files\Enemies\Metal Man</Filter>
    </ClCompile>
    <ClCompile Include="physics bullet.cpp">
      <Filter>Source Files\Game Files\Enemies</Filter>
    </ClCompile>
    <ClCompile Include="Repair Block.cpp">
      <Filter>Source Files\Game Files\Enemies\Metal Man</Filter>
    </ClCompile>
    <ClCompile Include="Pie Robot.cpp">
      <Filter>Source Files\Game Files\Enemies\Metal Man</Filter>
    </ClCompile>
    <ClCompile Include="Gear Saw.cpp">
      <Filter>Source Files\Game Files\Enemies\Metal Man</Filter>
    </ClCompile>
    <ClCompile Include="Metal Man.cpp">
      <Filter>Source Files\Game Files\Enemies\Bosses\Metal Man</Filter>
    </ClCompile>
    <ClCompile Include="Boss Blade.cpp">
      <Filter>Source Files\Game Files\Enemies\Bosses\Metal Man</Filter>
    </ClCompile>
    <ClCompile Include="Quick Boomerang.cpp">
      <Filter>Source Files\Game Files\Player\Weapons</Filter>
    </ClCompile>
    <ClCompile Include="Boomerang Bullet.cpp">
      <Filter>Source Files\Game Files\Player\Weapons\Bullets</Filter>
    </ClCompile>
    <ClCompile Include="Beam.cpp">
      <Filter>Source Files\Game Files\Enemies\Quick Man</Filter>
    </ClCompile>
    <ClCompile Include="Beam Right.cpp">
      <Filter>Source Files\Game Files\Enemies\Quick Man</Filter>
    </ClCompile>
    <ClCompile Include="Beam Left.cpp">
      <Filter>Source Files\Game Files\Enemies\Quick Man</Filter>
    </ClCompile>
    <ClCompile Include="Beam Collection.cpp">
      <Filter>Source Files\Game Files\Enemies\Quick Man</Filter>
    </ClCompile>
    <ClCompile Include="Torch Guy.cpp">
      <Filter>Source Files\Game Files\Enemies\Quick Man</Filter>
    </ClCompile>
    <ClCompile Include="Fire Bullet.cpp">
      <Filter>Source Files\Game Files\Enemies\Quick Man</Filter>
    </ClCompile>
    <ClCompile Include="Lighting Rectangle.cpp">
      <Filter>Source Files\Game Files\Objects</Filter>
    </ClCompile>
    <ClCompile Include="Scworm.cpp">
      <Filter>Source Files\Game Files\Enemies\General</Filter>
    </ClCompile>
    <ClCompile Include="Scworm Spawner.cpp">
      <Filter>Source Files\Game Files\Enemies\General</Filter>
    </ClCompile>
    <ClCompile Include="Quick Man.cpp">
      <Filter>Source Files\Game Files\Enemies\Bosses\Quick Man</Filter>
    </ClCompile>
    <ClCompile Include="Boss Boomerang.cpp">
      <Filter>Source Files\Game Files\Enemies\Bosses\Quick Man</Filter>
    </ClCompile>
    <ClCompile Include="Angles.cpp">
      <Filter>Source Files\Engine Files</Filter>
    </ClCompile>
    <ClCompile Include="Time Stopper.cpp">
      <Filter>Source Files\Game Files\Player\Weapons</Filter>
    </ClCompile>
    <ClCompile Include="Time Stopper Bullet.cpp">
      <Filter>Source Files\Game Files\Player\Weapons\Bullets</Filter>
    </ClCompile>
    <ClCompile Include="Debug Menu.cpp">
      <Filter>Source Files\Game Files\Debug</Filter>
    </ClCompile>
    <ClCompile Include="Debug Option.cpp">
      <Filter>Source Files\Game Files\Debug\Debug Options</Filter>
    </ClCompile>
    <ClCompile Include="FPS Change.cpp">
      <Filter>Source Files\Game Files\Debug\Debug Options</Filter>
    </ClCompile>
    <ClCompile Include="Resolution Change.cpp">
      <Filter>Source Files\Game Files\Debug\Debug Options</Filter>
    </ClCompile>
    <ClCompile Include="Fullscreen.cpp">
      <Filter>Source Files\Game Files\Debug\Debug Options</Filter>
    </ClCompile>
    <ClCompile Include="Flash Tile.cpp">
      <Filter>Source Files\Game Files\Tiles\Flash Tiles</Filter>
    </ClCompile>
    <ClCompile Include="Square Flash.cpp">
      <Filter>Source Files\Game Files\Tiles\Flash Tiles</Filter>
    </ClCompile>
    <ClCompile Include="H Tube Tile.cpp">
      <Filter>Source Files\Game Files\Tiles\Flash Tiles</Filter>
    </ClCompile>
    <ClCompile Include="V Tube Tile.cpp">
      <Filter>Source Files\Game Files\Tiles\Flash Tiles</Filter>
    </ClCompile>
    <ClCompile Include="Top Edge.cpp">
      <Filter>Source Files\Game Files\Tiles\Flash Tiles</Filter>
    </ClCompile>
    <ClCompile Include="Bottom Edge.cpp">
      <Filter>Source Files\Game Files\Tiles\Flash Tiles</Filter>
    </ClCompile>
    <ClCompile Include="Top Left Corner.cpp">
      <Filter>Source Files\Game Files\Tiles\Flash Tiles</Filter>
    </ClCompile>
    <ClCompile Include="Top Right Corner.cpp">
      <Filter>Source Files\Game Files\Tiles\Flash Tiles</Filter>
    </ClCompile>
    <ClCompile Include="Bottom Left Corner.cpp">
      <Filter>Source Files\Game Files\Tiles\Flash Tiles</Filter>
    </ClCompile>
    <ClCompile Include="Bottom Right Corner.cpp">
      <Filter>Source Files\Game Files\Tiles\Flash Tiles</Filter>
    </ClCompile>
    <ClCompile Include="Left Edge.cpp">
      <Filter>Source Files\Game Files\Tiles\Flash Tiles</Filter>
    </ClCompile>
    <ClCompile Include="Right Edge.cpp">
      <Filter>Source Files\Game Files\Tiles\Flash Tiles</Filter>
    </ClCompile>
    <ClCompile Include="Top Left W.cpp">
      <Filter>Source Files\Game Files\Tiles\Flash Tiles</Filter>
    </ClCompile>
    <ClCompile Include="Top Right W.cpp">
      <Filter>Source Files\Game Files\Tiles\Flash Tiles</Filter>
    </ClCompile>
    <ClCompile Include="Bottom right w.cpp">
      <Filter>Source Files\Game Files\Tiles\Flash Tiles</Filter>
    </ClCompile>
    <ClCompile Include="Bottom Left W.cpp">
      <Filter>Source Files\Game Files\Tiles\Flash Tiles</Filter>
    </ClCompile>
    <ClCompile Include="W wall.cpp">
      <Filter>Source Files\Game Files\Tiles\Flash Tiles</Filter>
    </ClCompile>
    <ClCompile Include="W Ceiling.cpp">
      <Filter>Source Files\Game Files\Tiles\Flash Tiles</Filter>
    </ClCompile>
    <ClCompile Include="W Roof.cpp">
      <Filter>Source Files\Game Files\Tiles\Flash Tiles</Filter>
    </ClCompile>
    <ClCompile Include="Bottom Left Corner w.cpp">
      <Filter>Source Files\Game Files\Tiles\Flash Tiles</Filter>
    </ClCompile>
    <ClCompile Include="Flash Door.cpp">
      <Filter>Source Files\Game Files\Objects</Filter>
    </ClCompile>
    <ClCompile Include="Crazy Cannon.cpp">
      <Filter>Source Files\Game Files\Enemies\General</Filter>
    </ClCompile>
    <ClCompile Include="Cannon Bullet.cpp">
      <Filter>Source Files\Game Files\Enemies\General</Filter>
    </ClCompile>
    <ClCompile Include="Cannon Right.cpp">
      <Filter>Source Files\Game Files\Debug</Filter>
    </ClCompile>
    <ClCompile Include="Flash Man.cpp">
      <Filter>Source Files\Game Files\Enemies\Bosses\Flash Man</Filter>
    </ClCompile>
    <ClCompile Include="Crash Bomb.cpp">
      <Filter>Source Files\Game Files\Player\Weapons</Filter>
    </ClCompile>
    <ClCompile Include="Crash Bullet.cpp">
      <Filter>Source Files\Game Files\Player\Weapons\Bullets</Filter>
    </ClCompile>
    <ClCompile Include="Crash Explosion.cpp">
      <Filter>Source Files\Game Files\Player\Weapons\Bullets</Filter>
    </ClCompile>
    <ClCompile Include="Crash Tile.cpp">
      <Filter>Source Files\Game Files\Tiles\Crash Tiles</Filter>
    </ClCompile>
    <ClCompile Include="Crash1.cpp">
      <Filter>Source Files\Game Files\Tiles\Crash Tiles</Filter>
    </ClCompile>
    <ClCompile Include="Crash2.cpp">
      <Filter>Source Files\Game Files\Tiles\Crash Tiles</Filter>
    </ClCompile>
    <ClCompile Include="Crash3.cpp">
      <Filter>Source Files\Game Files\Tiles\Crash Tiles</Filter>
    </ClCompile>
    <ClCompile Include="Crash4.cpp">
      <Filter>Source Files\Game Files\Tiles\Crash Tiles</Filter>
    </ClCompile>
    <ClCompile Include="Crash5.cpp">
      <Filter>Source Files\Game Files\Tiles\Crash Tiles</Filter>
    </ClCompile>
    <ClCompile Include="Crash6.cpp">
      <Filter>Source Files\Game Files\Tiles\Crash Tiles</Filter>
    </ClCompile>
    <ClCompile Include="Crash7.cpp">
      <Filter>Source Files\Game Files\Tiles\Crash Tiles</Filter>
    </ClCompile>
    <ClCompile Include="Crash8.cpp">
      <Filter>Source Files\Game Files\Tiles\Crash Tiles</Filter>
    </ClCompile>
    <ClCompile Include="Crash9.cpp">
      <Filter>Source Files\Game Files\Tiles\Crash Tiles</Filter>
    </ClCompile>
    <ClCompile Include="Crash10.cpp">
      <Filter>Source Files\Game Files\Tiles\Crash Tiles</Filter>
    </ClCompile>
    <ClCompile Include="Crash11.cpp">
      <Filter>Source Files\Game Files\Tiles\Crash Tiles</Filter>
    </ClCompile>
    <ClCompile Include="Crash12.cpp">
      <Filter>Source Files\Game Files\Tiles\Crash Tiles</Filter>
    </ClCompile>
    <ClCompile Include="Crash13.cpp">
      <Filter>Source Files\Game Files\Tiles\Crash Tiles</Filter>
    </ClCompile>
    <ClCompile Include="Crash14.cpp">
      <Filter>Source Files\Game Files\Tiles\Crash Tiles</Filter>
    </ClCompile>
    <ClCompile Include="Crash15.cpp">
      <Filter>Source Files\Game Files\Tiles\Crash Tiles</Filter>
    </ClCompile>
    <ClCompile Include="Crash16.cpp">
      <Filter>Source Files\Game Files\Tiles\Crash Tiles</Filter>
    </ClCompile>
    <ClCompile Include="Colour.cpp">
      <Filter>Source Files\Engine Files</Filter>
    </ClCompile>
    <ClCompile Include="Crash Check.cpp">
      <Filter>Source Files\Game Files\Tiles\Crash Tiles</Filter>
    </ClCompile>
    <ClCompile Include="Rail Platform Checkpoint.cpp">
      <Filter>Source Files\Game Files\Objects\Rail Platform</Filter>
    </ClCompile>
    <ClCompile Include="Rail Platform.cpp">
      <Filter>Source Files\Game Files\Objects\Rail Platform</Filter>
    </ClCompile>
    <ClCompile Include="checkLeft.cpp">
      <Filter>Source Files\Game Files\Objects\Rail Platform</Filter>
    </ClCompile>
    <ClCompile Include="checkRight.cpp">
      <Filter>Source Files\Game Files\Objects\Rail Platform</Filter>
    </ClCompile>
    <ClCompile Include="checkUp.cpp">
      <Filter>Source Files\Game Files\Objects\Rail Platform</Filter>
    </ClCompile>
    <ClCompile Include="checkDown.cpp">
      <Filter>Source Files\Game Files\Objects\Rail Platform</Filter>
    </ClCompile>
    <ClCompile Include="Crash Man.cpp">
      <Filter>Source Files\Game Files\Enemies\Bosses\Crash Man</Filter>
    </ClCompile>
    <ClCompile Include="Boss Crash Bomb.cpp">
      <Filter>Source Files\Game Files\Enemies\Bosses\Crash Man</Filter>
    </ClCompile>
    <ClCompile Include="Air Shooter.cpp">
      <Filter>Source Files\Game Files\Player\Weapons</Filter>
    </ClCompile>
    <ClCompile Include="Air Bullet.cpp">
      <Filter>Source Files\Game Files\Player\Weapons\Bullets</Filter>
    </ClCompile>
    <ClCompile Include="Neo Mettool.cpp">
      <Filter>Source Files\Game Files\Enemies\General</Filter>
    </ClCompile>
    <ClCompile Include="Lightning Lord.cpp">
      <Filter>Source Files\Game Files\Enemies\Air Man</Filter>
    </ClCompile>
    <ClCompile Include="Fly platform.cpp">
      <Filter>Source Files\Game Files\Player</Filter>
    </ClCompile>
    <ClCompile Include="Lightning Lord Anticlock.cpp">
      <Filter>Source Files\Game Files\Enemies\Air Man</Filter>
    </ClCompile>
    <ClCompile Include="Lightning.cpp">
      <Filter>Source Files\Game Files\Enemies\Air Man</Filter>
    </ClCompile>
    <ClCompile Include="Flight Exit.cpp">
      <Filter>Source Files\Game Files\Objects</Filter>
    </ClCompile>
  </ItemGroup>
</Project>